
Microsoft Visual Studio Solution File, Format Version 12.00
# Visual Studio Version 17
VisualStudioVersion = 17.11.35312.102
MinimumVisualStudioVersion = 10.0.40219.1
Project("{FAE04EC0-301F-11D3-BF4B-00C04F79EFBC}") = "PetAdoption", "PetAdoption\PetAdoption.csproj", "{E85007C2-8F34-4EC9-828D-574B6F1811AB}"
EndProject
Global
	GlobalSection(SolutionConfigurationPlatforms) = preSolution
		Debug|Any CPU = Debug|Any CPU
		Release|Any CPU = Release|Any CPU
	EndGlobalSection
	GlobalSection(ProjectConfigurationPlatforms) = postSolution
		{E85007C2-8F34-4EC9-828D-574B6F1811AB}.Debug|Any CPU.ActiveCfg = Debug|Any CPU
		{E85007C2-8F34-4EC9-828D-574B6F1811AB}.Debug|Any CPU.Build.0 = Debug|Any CPU
		{E85007C2-8F34-4EC9-828D-574B6F1811AB}.Release|Any CPU.ActiveCfg = Release|Any CPU
		{E85007C2-8F34-4EC9-828D-574B6F1811AB}.Release|Any CPU.Build.0 = Release|Any CPU
	EndGlobalSection
	GlobalSection(SolutionProperties) = preSolution
		HideSolutionNode = FALSE
	EndGlobalSection
	GlobalSection(ExtensibilityGlobals) = postSolution
		SolutionGuid = {49852258-0658-4043-ACD9-50388017C842}
	EndGlobalSection
EndGlobal
